
Microsoft Visual Studio Solution File, Format Version 12.00
# Visual Studio Version 17
VisualStudioVersion = 17.3.32825.248
MinimumVisualStudioVersion = 10.0.40219.1
Project("{FAE04EC0-301F-11D3-BF4B-00C04F79EFBC}") = "teaching-multi-tier", "teaching-multi-tier\teaching-multi-tier.csproj", "{AD2C67EE-FD8B-4BDB-9264-A2718E3F1FC5}"
EndProject
Project("{FAE04EC0-301F-11D3-BF4B-00C04F79EFBC}") = "DataLayer", "DataLayer\DataLayer.csproj", "{420C5544-36E5-440E-979F-D1B0A01892C1}"
EndProject
Project("{FAE04EC0-301F-11D3-BF4B-00C04F79EFBC}") = "BusinessLayer", "BusinessLayer\BusinessLayer.csproj", "{FB706C90-57B3-4214-BAD2-66D0E1483650}"
EndProject
Global
	GlobalSection(SolutionConfigurationPlatforms) = preSolution
		Debug|Any CPU = Debug|Any CPU
		Release|Any CPU = Release|Any CPU
	EndGlobalSection
	GlobalSection(ProjectConfigurationPlatforms) = postSolution
		{AD2C67EE-FD8B-4BDB-9264-A2718E3F1FC5}.Debug|Any CPU.ActiveCfg = Debug|Any CPU
		{AD2C67EE-FD8B-4BDB-9264-A2718E3F1FC5}.Debug|Any CPU.Build.0 = Debug|Any CPU
		{AD2C67EE-FD8B-4BDB-9264-A2718E3F1FC5}.Release|Any CPU.ActiveCfg = Release|Any CPU
		{AD2C67EE-FD8B-4BDB-9264-A2718E3F1FC5}.Release|Any CPU.Build.0 = Release|Any CPU
		{420C5544-36E5-440E-979F-D1B0A01892C1}.Debug|Any CPU.ActiveCfg = Debug|Any CPU
		{420C5544-36E5-440E-979F-D1B0A01892C1}.Debug|Any CPU.Build.0 = Debug|Any CPU
		{420C5544-36E5-440E-979F-D1B0A01892C1}.Release|Any CPU.ActiveCfg = Release|Any CPU
		{420C5544-36E5-440E-979F-D1B0A01892C1}.Release|Any CPU.Build.0 = Release|Any CPU
		{FB706C90-57B3-4214-BAD2-66D0E1483650}.Debug|Any CPU.ActiveCfg = Debug|Any CPU
		{FB706C90-57B3-4214-BAD2-66D0E1483650}.Debug|Any CPU.Build.0 = Debug|Any CPU
		{FB706C90-57B3-4214-BAD2-66D0E1483650}.Release|Any CPU.ActiveCfg = Release|Any CPU
		{FB706C90-57B3-4214-BAD2-66D0E1483650}.Release|Any CPU.Build.0 = Release|Any CPU
	EndGlobalSection
	GlobalSection(SolutionProperties) = preSolution
		HideSolutionNode = FALSE
	EndGlobalSection
	GlobalSection(ExtensibilityGlobals) = postSolution
		SolutionGuid = {DDDD9307-2D64-4FDD-9099-1CCB389E8A04}
	EndGlobalSection
EndGlobal
